
Microsoft Visual Studio Solution File, Format Version 12.00
# Visual Studio Version 18
VisualStudioVersion = 18.5.11612.153
MinimumVisualStudioVersion = 10.0.40219.1
Project("{2150E333-8FDC-42A3-9474-1A3956D46DE8}") = "Solution Items", "Solution Items", "{48B2FAC0-769D-4EF9-9ADC-606BE1D816EA}"
	ProjectSection(SolutionItems) = preProject
		LICENSE = LICENSE
		README.md = README.md
	EndProjectSection
EndProject
Project("{FAE04EC0-301F-11D3-BF4B-00C04F79EFBC}") = "STTech.BytesIO.Modbus", "STTech.BytesIO.Modbus\STTech.BytesIO.Modbus.csproj", "{F61D0A9E-8355-4D21-224A-E62B69FDB542}"
EndProject
Project("{2150E333-8FDC-42A3-9474-1A3956D46DE8}") = "Demo", "Demo", "{228220EF-F2C3-41C1-A95A-A888738FA072}"
EndProject
Project("{FAE04EC0-301F-11D3-BF4B-00C04F79EFBC}") = "STTech.BytesIO.Demo.Modbus", "Demo\STTech.BytesIO.Demo.Modbus\STTech.BytesIO.Demo.Modbus.csproj", "{33B53E53-9DC1-4848-9ADC-3F55E63FB05C}"
EndProject
Project("{FAE04EC0-301F-11D3-BF4B-00C04F79EFBC}") = "STTech.BytesIO.Demo.Clients", "Demo\STTech.BytesIO.Demo.Clients\STTech.BytesIO.Demo.Clients.csproj", "{BD8E6584-6D8D-4973-B89F-0F4E6FC637D9}"
EndProject
Project("{FAE04EC0-301F-11D3-BF4B-00C04F79EFBC}") = "STTech.BytesIO", "STTech.BytesIO\STTech.BytesIO.csproj", "{F858D4F6-0126-44A8-9E41-653D7E168120}"
EndProject
Project("{2150E333-8FDC-42A3-9474-1A3956D46DE8}") = "Tests", "Tests", "{0AB3BF05-4346-4AA6-1389-037BE0695223}"
EndProject
Project("{FAE04EC0-301F-11D3-BF4B-00C04F79EFBC}") = "STTech.BytesIO.Tcp.Tests", "Tests\STTech.BytesIO.Tcp.Tests\STTech.BytesIO.Tcp.Tests.csproj", "{BC89F916-F032-4D9F-B9E4-5ABCAD1AC17F}"
EndProject
Project("{FAE04EC0-301F-11D3-BF4B-00C04F79EFBC}") = "ModbusProxyTest", "Tests\ModbusProxyTest\ModbusProxyTest.csproj", "{3FED8D65-988D-4EEE-9933-545FF18FA37D}"
EndProject
Project("{FAE04EC0-301F-11D3-BF4B-00C04F79EFBC}") = "STTech.BytesIO.SerialPortStream", "STTech.BytesIO.SerialPortStream\STTech.BytesIO.SerialPortStream.csproj", "{A548F852-79A8-CB39-B109-5A2D8B989EA1}"
EndProject
Global
	GlobalSection(SolutionConfigurationPlatforms) = preSolution
		Debug|Any CPU = Debug|Any CPU
		Debug|x64 = Debug|x64
		Debug|x86 = Debug|x86
		Release|Any CPU = Release|Any CPU
		Release|x64 = Release|x64
		Release|x86 = Release|x86
	EndGlobalSection
	GlobalSection(ProjectConfigurationPlatforms) = postSolution
		{F61D0A9E-8355-4D21-224A-E62B69FDB542}.Debug|Any CPU.ActiveCfg = Debug|Any CPU
		{F61D0A9E-8355-4D21-224A-E62B69FDB542}.Debug|Any CPU.Build.0 = Debug|Any CPU
		{F61D0A9E-8355-4D21-224A-E62B69FDB542}.Debug|x64.ActiveCfg = Debug|Any CPU
		{F61D0A9E-8355-4D21-224A-E62B69FDB542}.Debug|x64.Build.0 = Debug|Any CPU
		{F61D0A9E-8355-4D21-224A-E62B69FDB542}.Debug|x86.ActiveCfg = Debug|Any CPU
		{F61D0A9E-8355-4D21-224A-E62B69FDB542}.Debug|x86.Build.0 = Debug|Any CPU
		{F61D0A9E-8355-4D21-224A-E62B69FDB542}.Release|Any CPU.ActiveCfg = Release|Any CPU
		{F61D0A9E-8355-4D21-224A-E62B69FDB542}.Release|Any CPU.Build.0 = Release|Any CPU
		{F61D0A9E-8355-4D21-224A-E62B69FDB542}.Release|x64.ActiveCfg = Release|Any CPU
		{F61D0A9E-8355-4D21-224A-E62B69FDB542}.Release|x64.Build.0 = Release|Any CPU
		{F61D0A9E-8355-4D21-224A-E62B69FDB542}.Release|x86.ActiveCfg = Release|Any CPU
		{F61D0A9E-8355-4D21-224A-E62B69FDB542}.Release|x86.Build.0 = Release|Any CPU
		{33B53E53-9DC1-4848-9ADC-3F55E63FB05C}.Debug|Any CPU.ActiveCfg = Debug|Any CPU
		{33B53E53-9DC1-4848-9ADC-3F55E63FB05C}.Debug|Any CPU.Build.0 = Debug|Any CPU
		{33B53E53-9DC1-4848-9ADC-3F55E63FB05C}.Debug|x64.ActiveCfg = Debug|Any CPU
		{33B53E53-9DC1-4848-9ADC-3F55E63FB05C}.Debug|x64.Build.0 = Debug|Any CPU
		{33B53E53-9DC1-4848-9ADC-3F55E63FB05C}.Debug|x86.ActiveCfg = Debug|Any CPU
		{33B53E53-9DC1-4848-9ADC-3F55E63FB05C}.Debug|x86.Build.0 = Debug|Any CPU
		{33B53E53-9DC1-4848-9ADC-3F55E63FB05C}.Release|Any CPU.ActiveCfg = Release|Any CPU
		{33B53E53-9DC1-4848-9ADC-3F55E63FB05C}.Release|Any CPU.Build.0 = Release|Any CPU
		{33B53E53-9DC1-4848-9ADC-3F55E63FB05C}.Release|x64.ActiveCfg = Release|Any CPU
		{33B53E53-9DC1-4848-9ADC-3F55E63FB05C}.Release|x64.Build.0 = Release|Any CPU
		{33B53E53-9DC1-4848-9ADC-3F55E63FB05C}.Release|x86.ActiveCfg = Release|Any CPU
		{33B53E53-9DC1-4848-9ADC-3F55E63FB05C}.Release|x86.Build.0 = Release|Any CPU
		{BD8E6584-6D8D-4973-B89F-0F4E6FC637D9}.Debug|Any CPU.ActiveCfg = Debug|Any CPU
		{BD8E6584-6D8D-4973-B89F-0F4E6FC637D9}.Debug|Any CPU.Build.0 = Debug|Any CPU
		{BD8E6584-6D8D-4973-B89F-0F4E6FC637D9}.Debug|x64.ActiveCfg = Debug|Any CPU
		{BD8E6584-6D8D-4973-B89F-0F4E6FC637D9}.Debug|x64.Build.0 = Debug|Any CPU
		{BD8E6584-6D8D-4973-B89F-0F4E6FC637D9}.Debug|x86.ActiveCfg = Debug|Any CPU
		{BD8E6584-6D8D-4973-B89F-0F4E6FC637D9}.Debug|x86.Build.0 = Debug|Any CPU
		{BD8E6584-6D8D-4973-B89F-0F4E6FC637D9}.Release|Any CPU.ActiveCfg = Release|Any CPU
		{BD8E6584-6D8D-4973-B89F-0F4E6FC637D9}.Release|Any CPU.Build.0 = Release|Any CPU
		{BD8E6584-6D8D-4973-B89F-0F4E6FC637D9}.Release|x64.ActiveCfg = Release|Any CPU
		{BD8E6584-6D8D-4973-B89F-0F4E6FC637D9}.Release|x64.Build.0 = Release|Any CPU
		{BD8E6584-6D8D-4973-B89F-0F4E6FC637D9}.Release|x86.ActiveCfg = Release|Any CPU
		{BD8E6584-6D8D-4973-B89F-0F4E6FC637D9}.Release|x86.Build.0 = Release|Any CPU
		{F858D4F6-0126-44A8-9E41-653D7E168120}.Debug|Any CPU.ActiveCfg = Debug|Any CPU
		{F858D4F6-0126-44A8-9E41-653D7E168120}.Debug|Any CPU.Build.0 = Debug|Any CPU
		{F858D4F6-0126-44A8-9E41-653D7E168120}.Debug|x64.ActiveCfg = Debug|Any CPU
		{F858D4F6-0126-44A8-9E41-653D7E168120}.Debug|x64.Build.0 = Debug|Any CPU
		{F858D4F6-0126-44A8-9E41-653D7E168120}.Debug|x86.ActiveCfg = Debug|Any CPU
		{F858D4F6-0126-44A8-9E41-653D7E168120}.Debug|x86.Build.0 = Debug|Any CPU
		{F858D4F6-0126-44A8-9E41-653D7E168120}.Release|Any CPU.ActiveCfg = Release|Any CPU
		{F858D4F6-0126-44A8-9E41-653D7E168120}.Release|Any CPU.Build.0 = Release|Any CPU
		{F858D4F6-0126-44A8-9E41-653D7E168120}.Release|x64.ActiveCfg = Release|Any CPU
		{F858D4F6-0126-44A8-9E41-653D7E168120}.Release|x64.Build.0 = Release|Any CPU
		{F858D4F6-0126-44A8-9E41-653D7E168120}.Release|x86.ActiveCfg = Release|Any CPU
		{F858D4F6-0126-44A8-9E41-653D7E168120}.Release|x86.Build.0 = Release|Any CPU
		{BC89F916-F032-4D9F-B9E4-5ABCAD1AC17F}.Debug|Any CPU.ActiveCfg = Debug|Any CPU
		{BC89F916-F032-4D9F-B9E4-5ABCAD1AC17F}.Debug|Any CPU.Build.0 = Debug|Any CPU
		{BC89F916-F032-4D9F-B9E4-5ABCAD1AC17F}.Debug|x64.ActiveCfg = Debug|Any CPU
		{BC89F916-F032-4D9F-B9E4-5ABCAD1AC17F}.Debug|x64.Build.0 = Debug|Any CPU
		{BC89F916-F032-4D9F-B9E4-5ABCAD1AC17F}.Debug|x86.ActiveCfg = Debug|Any CPU
		{BC89F916-F032-4D9F-B9E4-5ABCAD1AC17F}.Debug|x86.Build.0 = Debug|Any CPU
		{BC89F916-F032-4D9F-B9E4-5ABCAD1AC17F}.Release|Any CPU.ActiveCfg = Release|Any CPU
		{BC89F916-F032-4D9F-B9E4-5ABCAD1AC17F}.Release|Any CPU.Build.0 = Release|Any CPU
		{BC89F916-F032-4D9F-B9E4-5ABCAD1AC17F}.Release|x64.ActiveCfg = Release|Any CPU
		{BC89F916-F032-4D9F-B9E4-5ABCAD1AC17F}.Release|x64.Build.0 = Release|Any CPU
		{BC89F916-F032-4D9F-B9E4-5ABCAD1AC17F}.Release|x86.ActiveCfg = Release|Any CPU
		{BC89F916-F032-4D9F-B9E4-5ABCAD1AC17F}.Release|x86.Build.0 = Release|Any CPU
		{3FED8D65-988D-4EEE-9933-545FF18FA37D}.Debug|Any CPU.ActiveCfg = Debug|Any CPU
		{3FED8D65-988D-4EEE-9933-545FF18FA37D}.Debug|Any CPU.Build.0 = Debug|Any CPU
		{3FED8D65-988D-4EEE-9933-545FF18FA37D}.Debug|x64.ActiveCfg = Debug|Any CPU
		{3FED8D65-988D-4EEE-9933-545FF18FA37D}.Debug|x64.Build.0 = Debug|Any CPU
		{3FED8D65-988D-4EEE-9933-545FF18FA37D}.Debug|x86.ActiveCfg = Debug|Any CPU
		{3FED8D65-988D-4EEE-9933-545FF18FA37D}.Debug|x86.Build.0 = Debug|Any CPU
		{3FED8D65-988D-4EEE-9933-545FF18FA37D}.Release|Any CPU.ActiveCfg = Release|Any CPU
		{3FED8D65-988D-4EEE-9933-545FF18FA37D}.Release|Any CPU.Build.0 = Release|Any CPU
		{3FED8D65-988D-4EEE-9933-545FF18FA37D}.Release|x64.ActiveCfg = Release|Any CPU
		{3FED8D65-988D-4EEE-9933-545FF18FA37D}.Release|x64.Build.0 = Release|Any CPU
		{3FED8D65-988D-4EEE-9933-545FF18FA37D}.Release|x86.ActiveCfg = Release|Any CPU
		{3FED8D65-988D-4EEE-9933-545FF18FA37D}.Release|x86.Build.0 = Release|Any CPU
		{A548F852-79A8-CB39-B109-5A2D8B989EA1}.Debug|Any CPU.ActiveCfg = Debug|Any CPU
		{A548F852-79A8-CB39-B109-5A2D8B989EA1}.Debug|Any CPU.Build.0 = Debug|Any CPU
		{A548F852-79A8-CB39-B109-5A2D8B989EA1}.Debug|x64.ActiveCfg = Debug|Any CPU
		{A548F852-79A8-CB39-B109-5A2D8B989EA1}.Debug|x64.Build.0 = Debug|Any CPU
		{A548F852-79A8-CB39-B109-5A2D8B989EA1}.Debug|x86.ActiveCfg = Debug|Any CPU
		{A548F852-79A8-CB39-B109-5A2D8B989EA1}.Debug|x86.Build.0 = Debug|Any CPU
		{A548F852-79A8-CB39-B109-5A2D8B989EA1}.Release|Any CPU.ActiveCfg = Release|Any CPU
		{A548F852-79A8-CB39-B109-5A2D8B989EA1}.Release|Any CPU.Build.0 = Release|Any CPU
		{A548F852-79A8-CB39-B109-5A2D8B989EA1}.Release|x64.ActiveCfg = Release|Any CPU
		{A548F852-79A8-CB39-B109-5A2D8B989EA1}.Release|x64.Build.0 = Release|Any CPU
		{A548F852-79A8-CB39-B109-5A2D8B989EA1}.Release|x86.ActiveCfg = Release|Any CPU
		{A548F852-79A8-CB39-B109-5A2D8B989EA1}.Release|x86.Build.0 = Release|Any CPU
	EndGlobalSection
	GlobalSection(SolutionProperties) = preSolution
		HideSolutionNode = FALSE
	EndGlobalSection
	GlobalSection(NestedProjects) = preSolution
		{33B53E53-9DC1-4848-9ADC-3F55E63FB05C} = {228220EF-F2C3-41C1-A95A-A888738FA072}
		{BD8E6584-6D8D-4973-B89F-0F4E6FC637D9} = {228220EF-F2C3-41C1-A95A-A888738FA072}
		{BC89F916-F032-4D9F-B9E4-5ABCAD1AC17F} = {0AB3BF05-4346-4AA6-1389-037BE0695223}
		{3FED8D65-988D-4EEE-9933-545FF18FA37D} = {0AB3BF05-4346-4AA6-1389-037BE0695223}
	EndGlobalSection
	GlobalSection(ExtensibilityGlobals) = postSolution
		SolutionGuid = {C0CE3315-64B5-40C5-9B3B-B01C0ECABED6}
	EndGlobalSection
EndGlobal
