
Microsoft Visual Studio Solution File, Format Version 12.00
# Visual Studio Version 17
VisualStudioVersion = 17.2.32519.379
MinimumVisualStudioVersion = 10.0.40219.1
Project("{9A19103F-16F7-4668-BE54-9A1E7A4F7556}") = "STTech.BytesIO.Core", "STTech.BytesIO.Core\STTech.BytesIO.Core.csproj", "{2DD119D7-42ED-486D-81CD-3B908041185E}"
EndProject
Project("{9A19103F-16F7-4668-BE54-9A1E7A4F7556}") = "STTech.BytesIO.Tcp", "STTech.BytesIO.Tcp\STTech.BytesIO.Tcp.csproj", "{94F0F307-1EE8-4DE0-86E1-8BE335035693}"
EndProject
Project("{9A19103F-16F7-4668-BE54-9A1E7A4F7556}") = "STTech.BytesIO.Serial", "STTech.BytesIO.Serial\STTech.BytesIO.Serial.csproj", "{040D665E-A81F-46C2-903D-2A2C83138430}"
EndProject
Project("{2150E333-8FDC-42A3-9474-1A3956D46DE8}") = "Solution Items", "Solution Items", "{48B2FAC0-769D-4EF9-9ADC-606BE1D816EA}"
	ProjectSection(SolutionItems) = preProject
		LICENSE = LICENSE
		README.md = README.md
		待完善.txt = 待完善.txt
	EndProjectSection
EndProject
Project("{9A19103F-16F7-4668-BE54-9A1E7A4F7556}") = "STTech.BytesIO.Udp", "STTech.BytesIO.Udp\STTech.BytesIO.Udp.csproj", "{FF579423-EF33-44AE-8140-61C122F20AF5}"
EndProject
Global
	GlobalSection(SolutionConfigurationPlatforms) = preSolution
		Debug|Any CPU = Debug|Any CPU
		Release|Any CPU = Release|Any CPU
	EndGlobalSection
	GlobalSection(ProjectConfigurationPlatforms) = postSolution
		{2DD119D7-42ED-486D-81CD-3B908041185E}.Debug|Any CPU.ActiveCfg = Debug|Any CPU
		{2DD119D7-42ED-486D-81CD-3B908041185E}.Debug|Any CPU.Build.0 = Debug|Any CPU
		{2DD119D7-42ED-486D-81CD-3B908041185E}.Release|Any CPU.ActiveCfg = Release|Any CPU
		{2DD119D7-42ED-486D-81CD-3B908041185E}.Release|Any CPU.Build.0 = Release|Any CPU
		{94F0F307-1EE8-4DE0-86E1-8BE335035693}.Debug|Any CPU.ActiveCfg = Debug|Any CPU
		{94F0F307-1EE8-4DE0-86E1-8BE335035693}.Debug|Any CPU.Build.0 = Debug|Any CPU
		{94F0F307-1EE8-4DE0-86E1-8BE335035693}.Release|Any CPU.ActiveCfg = Release|Any CPU
		{94F0F307-1EE8-4DE0-86E1-8BE335035693}.Release|Any CPU.Build.0 = Release|Any CPU
		{040D665E-A81F-46C2-903D-2A2C83138430}.Debug|Any CPU.ActiveCfg = Debug|Any CPU
		{040D665E-A81F-46C2-903D-2A2C83138430}.Debug|Any CPU.Build.0 = Debug|Any CPU
		{040D665E-A81F-46C2-903D-2A2C83138430}.Release|Any CPU.ActiveCfg = Release|Any CPU
		{040D665E-A81F-46C2-903D-2A2C83138430}.Release|Any CPU.Build.0 = Release|Any CPU
		{FF579423-EF33-44AE-8140-61C122F20AF5}.Debug|Any CPU.ActiveCfg = Debug|Any CPU
		{FF579423-EF33-44AE-8140-61C122F20AF5}.Debug|Any CPU.Build.0 = Debug|Any CPU
		{FF579423-EF33-44AE-8140-61C122F20AF5}.Release|Any CPU.ActiveCfg = Release|Any CPU
		{FF579423-EF33-44AE-8140-61C122F20AF5}.Release|Any CPU.Build.0 = Release|Any CPU
	EndGlobalSection
	GlobalSection(SolutionProperties) = preSolution
		HideSolutionNode = FALSE
	EndGlobalSection
	GlobalSection(ExtensibilityGlobals) = postSolution
		SolutionGuid = {C0CE3315-64B5-40C5-9B3B-B01C0ECABED6}
	EndGlobalSection
EndGlobal
